
Microsoft Visual Studio Solution File, Format Version 12.00
Project("{FAE04EC0-301F-11D3-BF4B-00C04F79EFBC}") = "lab12", "lab12\lab12.csproj", "{59078578-7DAD-4A16-A753-402438521391}"
EndProject
Project("{FAE04EC0-301F-11D3-BF4B-00C04F79EFBC}") = "TestProject1", "TestProject1\TestProject1.csproj", "{870DE464-816D-4F7C-9B39-2D86C043EE27}"
EndProject
Project("{FAE04EC0-301F-11D3-BF4B-00C04F79EFBC}") = "l10", "l10\l10.csproj", "{F28C07E8-24AC-4554-A761-16044A4D0753}"
EndProject
Project("{FAE04EC0-301F-11D3-BF4B-00C04F79EFBC}") = "Helpers", "Helpers\Helpers.csproj", "{11F04A08-D4CC-4FFC-8CE5-93EF8D60700B}"
EndProject
Project("{FAE04EC0-301F-11D3-BF4B-00C04F79EFBC}") = "LAB12_2", "LAB12_2\LAB12_2.csproj", "{8A64BC9F-EC20-4B78-9745-D6C51DE10661}"
EndProject
Project("{FAE04EC0-301F-11D3-BF4B-00C04F79EFBC}") = "LAB12_2TESTS", "LAB12_2TESTS\LAB12_2TESTS.csproj", "{E1155E13-7AD4-4C0D-915E-CF61180BC735}"
EndProject
Project("{FAE04EC0-301F-11D3-BF4B-00C04F79EFBC}") = "LAB12_3", "LAB12_3\LAB12_3.csproj", "{688DDBB2-981D-40AC-9D3A-00D209934558}"
EndProject
Project("{FAE04EC0-301F-11D3-BF4B-00C04F79EFBC}") = "LAB12_3TESTS", "LAB12_3TESTS\LAB12_3TESTS.csproj", "{6FDB7E00-19E8-43BB-9AA2-772E62DF83A5}"
EndProject
Project("{FAE04EC0-301F-11D3-BF4B-00C04F79EFBC}") = "LAB12_4", "LAB12_4\LAB12_4.csproj", "{A923F2BB-6B5D-476A-A531-A81153A81CBB}"
EndProject
Project("{FAE04EC0-301F-11D3-BF4B-00C04F79EFBC}") = "LAB12_4TESTS", "LAB12_4TESTS\LAB12_4TESTS.csproj", "{57C787CB-795A-48C3-8D3F-296863FF011A}"
EndProject
Global
	GlobalSection(SolutionConfigurationPlatforms) = preSolution
		Debug|Any CPU = Debug|Any CPU
		Release|Any CPU = Release|Any CPU
	EndGlobalSection
	GlobalSection(ProjectConfigurationPlatforms) = postSolution
		{59078578-7DAD-4A16-A753-402438521391}.Debug|Any CPU.ActiveCfg = Debug|Any CPU
		{59078578-7DAD-4A16-A753-402438521391}.Debug|Any CPU.Build.0 = Debug|Any CPU
		{59078578-7DAD-4A16-A753-402438521391}.Release|Any CPU.ActiveCfg = Release|Any CPU
		{59078578-7DAD-4A16-A753-402438521391}.Release|Any CPU.Build.0 = Release|Any CPU
		{870DE464-816D-4F7C-9B39-2D86C043EE27}.Debug|Any CPU.ActiveCfg = Debug|Any CPU
		{870DE464-816D-4F7C-9B39-2D86C043EE27}.Debug|Any CPU.Build.0 = Debug|Any CPU
		{870DE464-816D-4F7C-9B39-2D86C043EE27}.Release|Any CPU.ActiveCfg = Release|Any CPU
		{870DE464-816D-4F7C-9B39-2D86C043EE27}.Release|Any CPU.Build.0 = Release|Any CPU
		{F28C07E8-24AC-4554-A761-16044A4D0753}.Debug|Any CPU.ActiveCfg = Debug|Any CPU
		{F28C07E8-24AC-4554-A761-16044A4D0753}.Debug|Any CPU.Build.0 = Debug|Any CPU
		{F28C07E8-24AC-4554-A761-16044A4D0753}.Release|Any CPU.ActiveCfg = Release|Any CPU
		{F28C07E8-24AC-4554-A761-16044A4D0753}.Release|Any CPU.Build.0 = Release|Any CPU
		{11F04A08-D4CC-4FFC-8CE5-93EF8D60700B}.Debug|Any CPU.ActiveCfg = Debug|Any CPU
		{11F04A08-D4CC-4FFC-8CE5-93EF8D60700B}.Debug|Any CPU.Build.0 = Debug|Any CPU
		{11F04A08-D4CC-4FFC-8CE5-93EF8D60700B}.Release|Any CPU.ActiveCfg = Release|Any CPU
		{11F04A08-D4CC-4FFC-8CE5-93EF8D60700B}.Release|Any CPU.Build.0 = Release|Any CPU
		{8A64BC9F-EC20-4B78-9745-D6C51DE10661}.Debug|Any CPU.ActiveCfg = Debug|Any CPU
		{8A64BC9F-EC20-4B78-9745-D6C51DE10661}.Debug|Any CPU.Build.0 = Debug|Any CPU
		{8A64BC9F-EC20-4B78-9745-D6C51DE10661}.Release|Any CPU.ActiveCfg = Release|Any CPU
		{8A64BC9F-EC20-4B78-9745-D6C51DE10661}.Release|Any CPU.Build.0 = Release|Any CPU
		{E1155E13-7AD4-4C0D-915E-CF61180BC735}.Debug|Any CPU.ActiveCfg = Debug|Any CPU
		{E1155E13-7AD4-4C0D-915E-CF61180BC735}.Debug|Any CPU.Build.0 = Debug|Any CPU
		{E1155E13-7AD4-4C0D-915E-CF61180BC735}.Release|Any CPU.ActiveCfg = Release|Any CPU
		{E1155E13-7AD4-4C0D-915E-CF61180BC735}.Release|Any CPU.Build.0 = Release|Any CPU
		{688DDBB2-981D-40AC-9D3A-00D209934558}.Debug|Any CPU.ActiveCfg = Debug|Any CPU
		{688DDBB2-981D-40AC-9D3A-00D209934558}.Debug|Any CPU.Build.0 = Debug|Any CPU
		{688DDBB2-981D-40AC-9D3A-00D209934558}.Release|Any CPU.ActiveCfg = Release|Any CPU
		{688DDBB2-981D-40AC-9D3A-00D209934558}.Release|Any CPU.Build.0 = Release|Any CPU
		{6FDB7E00-19E8-43BB-9AA2-772E62DF83A5}.Debug|Any CPU.ActiveCfg = Debug|Any CPU
		{6FDB7E00-19E8-43BB-9AA2-772E62DF83A5}.Debug|Any CPU.Build.0 = Debug|Any CPU
		{6FDB7E00-19E8-43BB-9AA2-772E62DF83A5}.Release|Any CPU.ActiveCfg = Release|Any CPU
		{6FDB7E00-19E8-43BB-9AA2-772E62DF83A5}.Release|Any CPU.Build.0 = Release|Any CPU
		{A923F2BB-6B5D-476A-A531-A81153A81CBB}.Debug|Any CPU.ActiveCfg = Debug|Any CPU
		{A923F2BB-6B5D-476A-A531-A81153A81CBB}.Debug|Any CPU.Build.0 = Debug|Any CPU
		{A923F2BB-6B5D-476A-A531-A81153A81CBB}.Release|Any CPU.ActiveCfg = Release|Any CPU
		{A923F2BB-6B5D-476A-A531-A81153A81CBB}.Release|Any CPU.Build.0 = Release|Any CPU
		{57C787CB-795A-48C3-8D3F-296863FF011A}.Debug|Any CPU.ActiveCfg = Debug|Any CPU
		{57C787CB-795A-48C3-8D3F-296863FF011A}.Debug|Any CPU.Build.0 = Debug|Any CPU
		{57C787CB-795A-48C3-8D3F-296863FF011A}.Release|Any CPU.ActiveCfg = Release|Any CPU
		{57C787CB-795A-48C3-8D3F-296863FF011A}.Release|Any CPU.Build.0 = Release|Any CPU
	EndGlobalSection
EndGlobal
